
Microsoft Visual Studio Solution File, Format Version 12.00
# Visual Studio 15
VisualStudioVersion = 15.0.26730.15
MinimumVisualStudioVersion = 10.0.40219.1
Project("{FAE04EC0-301F-11D3-BF4B-00C04F79EFBC}") = "Array", "Array\Array.csproj", "{3EA0CBB7-BFE2-4256-99AD-0D6D046D86BA}"
EndProject
Global
	GlobalSection(SolutionConfigurationPlatforms) = preSolution
		Debug|Any CPU = Debug|Any CPU
		Release|Any CPU = Release|Any CPU
	EndGlobalSection
	GlobalSection(ProjectConfigurationPlatforms) = postSolution
		{3EA0CBB7-BFE2-4256-99AD-0D6D046D86BA}.Debug|Any CPU.ActiveCfg = Debug|Any CPU
		{3EA0CBB7-BFE2-4256-99AD-0D6D046D86BA}.Debug|Any CPU.Build.0 = Debug|Any CPU
		{3EA0CBB7-BFE2-4256-99AD-0D6D046D86BA}.Release|Any CPU.ActiveCfg = Release|Any CPU
		{3EA0CBB7-BFE2-4256-99AD-0D6D046D86BA}.Release|Any CPU.Build.0 = Release|Any CPU
	EndGlobalSection
	GlobalSection(SolutionProperties) = preSolution
		HideSolutionNode = FALSE
	EndGlobalSection
	GlobalSection(ExtensibilityGlobals) = postSolution
		SolutionGuid = {C161B932-A513-4A48-81EC-FE4191063C0D}
	EndGlobalSection
EndGlobal
